
Microsoft Visual Studio Solution File, Format Version 12.00
# Visual Studio Version 17
VisualStudioVersion = 17.14.36616.10 d17.14
MinimumVisualStudioVersion = 10.0.40219.1
Project("{FAE04EC0-301F-11D3-BF4B-00C04F79EFBC}") = "AWESOMEJET-EDUCATIONAL", "AWESOMEJET-EDUCATIONAL.csproj", "{402CDE0F-8439-4371-AE81-A7A10D728999}"
EndProject
Global
	GlobalSection(SolutionConfigurationPlatforms) = preSolution
		Debug|Any CPU = Debug|Any CPU
		Release|Any CPU = Release|Any CPU
	EndGlobalSection
	GlobalSection(ProjectConfigurationPlatforms) = postSolution
		{402CDE0F-8439-4371-AE81-A7A10D728999}.Debug|Any CPU.ActiveCfg = Debug|Any CPU
		{402CDE0F-8439-4371-AE81-A7A10D728999}.Debug|Any CPU.Build.0 = Debug|Any CPU
		{402CDE0F-8439-4371-AE81-A7A10D728999}.Release|Any CPU.ActiveCfg = Release|Any CPU
		{402CDE0F-8439-4371-AE81-A7A10D728999}.Release|Any CPU.Build.0 = Release|Any CPU
	EndGlobalSection
	GlobalSection(SolutionProperties) = preSolution
		HideSolutionNode = FALSE
	EndGlobalSection
	GlobalSection(ExtensibilityGlobals) = postSolution
		SolutionGuid = {2E3A19B7-39F9-4401-8D0B-530DCB1BBEEE}
	EndGlobalSection
EndGlobal
